
Microsoft Visual Studio Solution File, Format Version 12.00
# Visual Studio Version 17
VisualStudioVersion = 17.1.32421.90
MinimumVisualStudioVersion = 10.0.40219.1
Project("{FAE04EC0-301F-11D3-BF4B-00C04F79EFBC}") = "Airlanes", "Airlanes\Airlanes.csproj", "{289FE320-006F-4CB2-8976-A394B21A8D93}"
EndProject
Global
	GlobalSection(SolutionConfigurationPlatforms) = preSolution
		Debug|Any CPU = Debug|Any CPU
		Release|Any CPU = Release|Any CPU
	EndGlobalSection
	GlobalSection(ProjectConfigurationPlatforms) = postSolution
		{289FE320-006F-4CB2-8976-A394B21A8D93}.Debug|Any CPU.ActiveCfg = Debug|Any CPU
		{289FE320-006F-4CB2-8976-A394B21A8D93}.Debug|Any CPU.Build.0 = Debug|Any CPU
		{289FE320-006F-4CB2-8976-A394B21A8D93}.Release|Any CPU.ActiveCfg = Release|Any CPU
		{289FE320-006F-4CB2-8976-A394B21A8D93}.Release|Any CPU.Build.0 = Release|Any CPU
	EndGlobalSection
	GlobalSection(SolutionProperties) = preSolution
		HideSolutionNode = FALSE
	EndGlobalSection
	GlobalSection(ExtensibilityGlobals) = postSolution
		SolutionGuid = {22DC6076-740E-401C-8620-BD21C1C44F45}
	EndGlobalSection
EndGlobal
